
Microsoft Visual Studio Solution File, Format Version 12.00
# Visual Studio Version 16
VisualStudioVersion = 16.0.29025.244
MinimumVisualStudioVersion = 10.0.40219.1
Project("{FAE04EC0-301F-11D3-BF4B-00C04F79EFBC}") = "Testing.Automation.API", "Source\Testing.Automation.API\Testing.Automation.API.csproj", "{3F85C331-C3E3-4D43-9F03-FB02A147A742}"
EndProject
Project("{FAE04EC0-301F-11D3-BF4B-00C04F79EFBC}") = "Testing.Automation.Common", "Source\Testing.Automation.Common\Testing.Automation.Common.csproj", "{3DA4CCCD-50C3-4AA4-A588-2B815EF9738E}"
EndProject
Project("{FAE04EC0-301F-11D3-BF4B-00C04F79EFBC}") = "Testing.Automation.Reporter", "Source\Testing.Automation.Reporter\Testing.Automation.Reporter.csproj", "{E290C36A-483A-4BB3-8AB1-88001D37A4F8}"
EndProject
Project("{FAE04EC0-301F-11D3-BF4B-00C04F79EFBC}") = "Testing.Automation.Web", "Source\Testing.Automation.Web\Testing.Automation.Web.csproj", "{AEC4A9CF-D0AC-4A87-B5B5-8AFBDBF28CE1}"
EndProject
Global
	GlobalSection(SolutionConfigurationPlatforms) = preSolution
		Debug|Any CPU = Debug|Any CPU
		Release|Any CPU = Release|Any CPU
	EndGlobalSection
	GlobalSection(ProjectConfigurationPlatforms) = postSolution
		{3F85C331-C3E3-4D43-9F03-FB02A147A742}.Debug|Any CPU.ActiveCfg = Debug|Any CPU
		{3F85C331-C3E3-4D43-9F03-FB02A147A742}.Debug|Any CPU.Build.0 = Debug|Any CPU
		{3F85C331-C3E3-4D43-9F03-FB02A147A742}.Release|Any CPU.ActiveCfg = Release|Any CPU
		{3F85C331-C3E3-4D43-9F03-FB02A147A742}.Release|Any CPU.Build.0 = Release|Any CPU
		{3DA4CCCD-50C3-4AA4-A588-2B815EF9738E}.Debug|Any CPU.ActiveCfg = Debug|Any CPU
		{3DA4CCCD-50C3-4AA4-A588-2B815EF9738E}.Debug|Any CPU.Build.0 = Debug|Any CPU
		{3DA4CCCD-50C3-4AA4-A588-2B815EF9738E}.Release|Any CPU.ActiveCfg = Release|Any CPU
		{3DA4CCCD-50C3-4AA4-A588-2B815EF9738E}.Release|Any CPU.Build.0 = Release|Any CPU
		{E290C36A-483A-4BB3-8AB1-88001D37A4F8}.Debug|Any CPU.ActiveCfg = Debug|Any CPU
		{E290C36A-483A-4BB3-8AB1-88001D37A4F8}.Debug|Any CPU.Build.0 = Debug|Any CPU
		{E290C36A-483A-4BB3-8AB1-88001D37A4F8}.Release|Any CPU.ActiveCfg = Release|Any CPU
		{E290C36A-483A-4BB3-8AB1-88001D37A4F8}.Release|Any CPU.Build.0 = Release|Any CPU
		{AEC4A9CF-D0AC-4A87-B5B5-8AFBDBF28CE1}.Debug|Any CPU.ActiveCfg = Debug|Any CPU
		{AEC4A9CF-D0AC-4A87-B5B5-8AFBDBF28CE1}.Debug|Any CPU.Build.0 = Debug|Any CPU
		{AEC4A9CF-D0AC-4A87-B5B5-8AFBDBF28CE1}.Release|Any CPU.ActiveCfg = Release|Any CPU
		{AEC4A9CF-D0AC-4A87-B5B5-8AFBDBF28CE1}.Release|Any CPU.Build.0 = Release|Any CPU
	EndGlobalSection
	GlobalSection(SolutionProperties) = preSolution
		HideSolutionNode = FALSE
	EndGlobalSection
	GlobalSection(ExtensibilityGlobals) = postSolution
		SolutionGuid = {CF16ADA4-A339-4DF1-BF82-BA026AECB7C2}
	EndGlobalSection
	GlobalSection(TeamFoundationVersionControl) = preSolution
		SccNumberOfProjects = 5
		SccEnterpriseProvider = {4CA58AB2-18FA-4F8D-95D4-32DDF27D184C}
		SccTeamFoundationServer = http://tfs/defaultcollection
		SccLocalPath0 = .
		SccProjectUniqueName1 = Source\\Testing.Automation.API\\Testing.Automation.API.csproj
		SccProjectName1 = Source/Testing.Automation.API
		SccLocalPath1 = Source\\Testing.Automation.API
		SccProjectUniqueName2 = Source\\Testing.Automation.Common\\Testing.Automation.Common.csproj
		SccProjectName2 = Source/Testing.Automation.Common
		SccLocalPath2 = Source\\Testing.Automation.Common
		SccProjectUniqueName3 = Source\\Testing.Automation.Reporter\\Testing.Automation.Reporter.csproj
		SccProjectName3 = Source/Testing.Automation.Reporter
		SccLocalPath3 = Source\\Testing.Automation.Reporter
		SccProjectUniqueName4 = Source\\Testing.Automation.Web\\Testing.Automation.Web.csproj
		SccProjectName4 = Source/Testing.Automation.Web
		SccLocalPath4 = Source\\Testing.Automation.Web
	EndGlobalSection
EndGlobal
